
Microsoft Visual Studio Solution File, Format Version 12.00
# Visual Studio Version 17
VisualStudioVersion = 17.13.35818.85 d17.13
MinimumVisualStudioVersion = 10.0.40219.1
Project("{FAE04EC0-301F-11D3-BF4B-00C04F79EFBC}") = "UPTrain", "UPTrain\UPTrain.csproj", "{3EE0F612-18C2-47F5-981D-59EA660DC62B}"
EndProject
Global
	GlobalSection(SolutionConfigurationPlatforms) = preSolution
		Debug|Any CPU = Debug|Any CPU
		Release|Any CPU = Release|Any CPU
	EndGlobalSection
	GlobalSection(ProjectConfigurationPlatforms) = postSolution
		{3EE0F612-18C2-47F5-981D-59EA660DC62B}.Debug|Any CPU.ActiveCfg = Debug|Any CPU
		{3EE0F612-18C2-47F5-981D-59EA660DC62B}.Debug|Any CPU.Build.0 = Debug|Any CPU
		{3EE0F612-18C2-47F5-981D-59EA660DC62B}.Release|Any CPU.ActiveCfg = Release|Any CPU
		{3EE0F612-18C2-47F5-981D-59EA660DC62B}.Release|Any CPU.Build.0 = Release|Any CPU
	EndGlobalSection
	GlobalSection(SolutionProperties) = preSolution
		HideSolutionNode = FALSE
	EndGlobalSection
	GlobalSection(ExtensibilityGlobals) = postSolution
		SolutionGuid = {0CD1257B-0FB1-4387-87FC-392DD8FF91BB}
	EndGlobalSection
EndGlobal
